// !$*UTF8*$!
{
	archiveVersion = 1;
	classes = {
	};
	objectVersion = 46;
	objects = {

/* Begin PBXBuildFile section */
		F3B2DA181E5A5D4100A6882E /* AppDelegate.swift in Sources */ = {isa = PBXBuildFile; fileRef = F3B2DA171E5A5D4100A6882E /* AppDelegate.swift */; };
		F3B2DA1A1E5A5D4100A6882E /* ViewController.swift in Sources */ = {isa = PBXBuildFile; fileRef = F3B2DA191E5A5D4100A6882E /* ViewController.swift */; };
		F3B2DA1D1E5A5D4100A6882E /* Main.storyboard in Resources */ = {isa = PBXBuildFile; fileRef = F3B2DA1B1E5A5D4100A6882E /* Main.storyboard */; };
		F3B2DA201E5A5D4100A6882E /* TODO.xcdatamodeld in Sources */ = {isa = PBXBuildFile; fileRef = F3B2DA1E1E5A5D4100A6882E /* TODO.xcdatamodeld */; };
		F3B2DA221E5A5D4100A6882E /* Assets.xcassets in Resources */ = {isa = PBXBuildFile; fileRef = F3B2DA211E5A5D4100A6882E /* Assets.xcassets */; };
		F3B2DA251E5A5D4100A6882E /* LaunchScreen.storyboard in Resources */ = {isa = PBXBuildFile; fileRef = F3B2DA231E5A5D4100A6882E /* LaunchScreen.storyboard */; };
/* End PBXBuildFile section */

/* Begin PBXFileReference section */
		F3B2DA141E5A5D4100A6882E /* TODO.app */ = {isa = PBXFileReference; explicitFileType = wrapper.application; includeInIndex = 0; path = TODO.app; sourceTree = BUILT_PRODUCTS_DIR; };
		F3B2DA171E5A5D4100A6882E /* AppDelegate.swift */ = {isa = PBXFileReference; lastKnownFileType = sourcecode.swift; path = AppDelegate.swift; sourceTree = "<group>"; };
		F3B2DA191E5A5D4100A6882E /* ViewController.swift */ = {isa = PBXFileReference; lastKnownFileType = sourcecode.swift; path = ViewController.swift; sourceTree = "<group>"; };
		F3B2DA1C1E5A5D4100A6882E /* Base */ = {isa = PBXFileReference; lastKnownFileType = file.storyboard; name = Base; path = Base.lproj/Main.storyboard; sourceTree = "<group>"; };
		F3B2DA1F1E5A5D4100A6882E /* TODO.xcdatamodel */ = {isa = PBXFileReference; lastKnownFileType = wrapper.xcdatamodel; path = TODO.xcdatamodel; sourceTree = "<group>"; };
		F3B2DA211E5A5D4100A6882E /* Assets.xcassets */ = {isa = PBXFileReference; lastKnownFileType = folder.assetcatalog; path = Assets.xcassets; sourceTree = "<group>"; };
		F3B2DA241E5A5D4100A6882E /* Base */ = {isa = PBXFileReference; lastKnownFileType = file.storyboard; name = Base; path = Base.lproj/LaunchScreen.storyboard; sourceTree = "<group>"; };
		F3B2DA261E5A5D4100A6882E /* Info.plist */ = {isa = PBXFileReference; lastKnownFileType = text.plist.xml; path = Info.plist; sourceTree = "<group>"; };
/* End PBXFileReference section */

/* Begin PBXFrameworksBuildPhase section */
		F3B2DA111E5A5D4100A6882E /* Frameworks */ = {
			isa = PBXFrameworksBuildPhase;
			buildActionMask = 2147483647;
			files = (
			);
			runOnlyForDeploymentPostprocessing = 0;
		};
/* End PBXFrameworksBuildPhase section */

/* Begin PBXGroup section */
		F3B2DA0B1E5A5D4100A6882E = {
			isa = PBXGroup;
			children = (
				F3B2DA161E5A5D4100A6882E /* TODO */,
				F3B2DA151E5A5D4100A6882E /* Products */,
			);
			sourceTree = "<group>";
		};
		F3B2DA151E5A5D4100A6882E /* Products */ = {
			isa = PBXGroup;
			children = (
				F3B2DA141E5A5D4100A6882E /* TODO.app */,
			);
			name = Products;
			sourceTree = "<group>";
		};
		F3B2DA161E5A5D4100A6882E /* TODO */ = {
			isa = PBXGroup;
			children = (
				F3B2DA171E5A5D4100A6882E /* AppDelegate.swift */,
				F3B2DA191E5A5D4100A6882E /* ViewController.swift */,
				F3B2DA1B1E5A5D4100A6882E /* Main.storyboard */,
				F3B2DA211E5A5D4100A6882E /* Assets.xcassets */,
				F3B2DA231E5A5D4100A6882E /* LaunchScreen.storyboard */,
				F3B2DA261E5A5D4100A6882E /* Info.plist */,
				F3B2DA1E1E5A5D4100A6882E /* TODO.xcdatamodeld */,
			);
			path = TODO;
			sourceTree = "<group>";
		};
/* End PBXGroup section */

/* Begin PBXNativeTarget section */
		F3B2DA131E5A5D4100A6882E /* TODO */ = {
			isa = PBXNativeTarget;
			buildConfigurationList = F3B2DA291E5A5D4100A6882E /* Build configuration list for PBXNativeTarget "TODO" */;
			buildPhases = (
				F3B2DA101E5A5D4100A6882E /* Sources */,
				F3B2DA111E5A5D4100A6882E /* Frameworks */,
				F3B2DA121E5A5D4100A6882E /* Resources */,
			);
			buildRules = (
			);
			dependencies = (
			);
			name = TODO;
			productName = TODO;
			productReference = F3B2DA141E5A5D4100A6882E /* TODO.app */;
			productType = "com.apple.product-type.application";
		};
/* End PBXNativeTarget section */

/* Begin PBXProject section */
		F3B2DA0C1E5A5D4100A6882E /* Project object */ = {
			isa = PBXProject;
			attributes = {
				LastSwiftUpdateCheck = 0830;
				LastUpgradeCheck = 0830;
				ORGANIZATIONNAME = trioxis;
				TargetAttributes = {
					F3B2DA131E5A5D4100A6882E = {
						CreatedOnToolsVersion = 8.3;
						ProvisioningStyle = Automatic;
					};
				};
			};
			buildConfigurationList = F3B2DA0F1E5A5D4100A6882E /* Build configuration list for PBXProject "TODO" */;
			compatibilityVersion = "Xcode 3.2";
			developmentRegion = English;
			hasScannedForEncodings = 0;
			knownRegions = (
				en,
				Base,
			);
			mainGroup = F3B2DA0B1E5A5D4100A6882E;
			productRefGroup = F3B2DA151E5A5D4100A6882E /* Products */;
			projectDirPath = "";
			projectRoot = "";
			targets = (
				F3B2DA131E5A5D4100A6882E /* TODO */,
			);
		};
/* End PBXProject section */

/* Begin PBXResourcesBuildPhase section */
		F3B2DA121E5A5D4100A6882E /* Resources */ = {
			isa = PBXResourcesBuildPhase;
			buildActionMask = 2147483647;
			files = (
				F3B2DA251E5A5D4100A6882E /* LaunchScreen.storyboard in Resources */,
				F3B2DA221E5A5D4100A6882E /* Assets.xcassets in Resources */,
				F3B2DA1D1E5A5D4100A6882E /* Main.storyboard in Resources */,
			);
			runOnlyForDeploymentPostprocessing = 0;
		};
/* End PBXResourcesBuildPhase section */

/* Begin PBXSourcesBuildPhase section */
		F3B2DA101E5A5D4100A6882E /* Sources */ = {
			isa = PBXSourcesBuildPhase;
			buildActionMask = 2147483647;
			files = (
				F3B2DA1A1E5A5D4100A6882E /* ViewController.swift in Sources */,
				F3B2DA201E5A5D4100A6882E /* TODO.xcdatamodeld in Sources */,
				F3B2DA181E5A5D4100A6882E /* AppDelegate.swift in Sources */,
			);
			runOnlyForDeploymentPostprocessing = 0;
		};
/* End PBXSourcesBuildPhase section */

/* Begin PBXVariantGroup section */
		F3B2DA1B1E5A5D4100A6882E /* Main.storyboard */ = {
			isa = PBXVariantGroup;
			children = (
				F3B2DA1C1E5A5D4100A6882E /* Base */,
			);
			name = Main.storyboard;
			sourceTree = "<group>";
		};
		F3B2DA231E5A5D4100A6882E /* LaunchScreen.storyboard */ = {
			isa = PBXVariantGroup;
			children = (
				F3B2DA241E5A5D4100A6882E /* Base */,
			);
			name = LaunchScreen.storyboard;
			sourceTree = "<group>";
		};
/* End PBXVariantGroup section */

/* Begin XCBuildConfiguration section */
		F3B2DA271E5A5D4100A6882E /* Debug */ = {
			isa = XCBuildConfiguration;
			buildSettings = {
				ALWAYS_SEARCH_USER_PATHS = NO;
				CLANG_ANALYZER_NONNULL = YES;
				CLANG_ANALYZER_NUMBER_OBJECT_CONVERSION = YES_AGGRESSIVE;
				CLANG_CXX_LANGUAGE_STANDARD = "gnu++0x";
				CLANG_CXX_LIBRARY = "libc++";
				CLANG_ENABLE_MODULES = YES;
				CLANG_ENABLE_OBJC_ARC = YES;
				CLANG_WARN_BOOL_CONVERSION = YES;
				CLANG_WARN_CONSTANT_CONVERSION = YES;
				CLANG_WARN_DIRECT_OBJC_ISA_USAGE = YES_ERROR;
				CLANG_WARN_DOCUMENTATION_COMMENTS = YES;
				CLANG_WARN_EMPTY_BODY = YES;
				CLANG_WARN_ENUM_CONVERSION = YES;
				CLANG_WARN_INFINITE_RECURSION = YES;
				CLANG_WARN_INT_CONVERSION = YES;
				CLANG_WARN_OBJC_ROOT_CLASS = YES_ERROR;
				CLANG_WARN_SUSPICIOUS_MOVE = YES;
				CLANG_WARN_UNREACHABLE_CODE = YES;
				CLANG_WARN__DUPLICATE_METHOD_MATCH = YES;
				"CODE_SIGN_IDENTITY[sdk=iphoneos*]" = "iPhone Developer";
				COPY_PHASE_STRIP = NO;
				DEBUG_INFORMATION_FORMAT = dwarf;
				ENABLE_STRICT_OBJC_MSGSEND = YES;
				ENABLE_TESTABILITY = YES;
				GCC_C_LANGUAGE_STANDARD = gnu99;
				GCC_DYNAMIC_NO_PIC = NO;
				GCC_NO_COMMON_BLOCKS = YES;
				GCC_OPTIMIZATION_LEVEL = 0;
				GCC_PREPROCESSOR_DEFINITIONS = (
					"DEBUG=1",
					"$(inherited)",
				);
				GCC_WARN_64_TO_32_BIT_CONVERSION = YES;
				GCC_WARN_ABOUT_RETURN_TYPE = YES_ERROR;
				GCC_WARN_UNDECLARED_SELECTOR = YES;
				GCC_WARN_UNINITIALIZED_AUTOS = YES_AGGRESSIVE;
				GCC_WARN_UNUSED_FUNCTION = YES;
				GCC_WARN_UNUSED_VARIABLE = YES;
				IPHONEOS_DEPLOYMENT_TARGET = 10.3;
				MTL_ENABLE_DEBUG_INFO = YES;
				ONLY_ACTIVE_ARCH = YES;
				SDKROOT = iphoneos;
				SWIFT_ACTIVE_COMPILATION_CONDITIONS = DEBUG;
				SWIFT_OPTIMIZATION_LEVEL = "-Onone";
				TARGETED_DEVICE_FAMILY = "1,2";
			};
			name = Debug;
		};
		F3B2DA281E5A5D4100A6882E /* Release */ = {
			isa = XCBuildConfiguration;
			buildSettings = {
				ALWAYS_SEARCH_USER_PATHS = NO;
				CLANG_ANALYZER_NONNULL = YES;
				CLANG_ANALYZER_NUMBER_OBJECT_CONVERSION = YES_AGGRESSIVE;
				CLANG_CXX_LANGUAGE_STANDARD = "gnu++0x";
				CLANG_CXX_LIBRARY = "libc++";
				CLANG_ENABLE_MODULES = YES;
				CLANG_ENABLE_OBJC_ARC = YES;
				CLANG_WARN_BOOL_CONVERSION = YES;
				CLANG_WARN_CONSTANT_CONVERSION = YES;
				CLANG_WARN_DIRECT_OBJC_ISA_USAGE = YES_ERROR;
				CLANG_WARN_DOCUMENTATION_COMMENTS = YES;
				CLANG_WARN_EMPTY_BODY = YES;
				CLANG_WARN_ENUM_CONVERSION = YES;
				CLANG_WARN_INFINITE_RECURSION = YES;
				CLANG_WARN_INT_CONVERSION = YES;
				CLANG_WARN_OBJC_ROOT_CLASS = YES_ERROR;
				CLANG_WARN_SUSPICIOUS_MOVE = YES;
				CLANG_WARN_UNREACHABLE_CODE = YES;
				CLANG_WARN__DUPLICATE_METHOD_MATCH = YES;
				"CODE_SIGN_IDENTITY[sdk=iphoneos*]" = "iPhone Developer";
				COPY_PHASE_STRIP = NO;
				DEBUG_INFORMATION_FORMAT = "dwarf-with-dsym";
				ENABLE_NS_ASSERTIONS = NO;
				ENABLE_STRICT_OBJC_MSGSEND = YES;
				GCC_C_LANGUAGE_STANDARD = gnu99;
				GCC_NO_COMMON_BLOCKS = YES;
				GCC_WARN_64_TO_32_BIT_CONVERSION = YES;
				GCC_WARN_ABOUT_RETURN_TYPE = YES_ERROR;
				GCC_WARN_UNDECLARED_SELECTOR = YES;
				GCC_WARN_UNINITIALIZED_AUTOS = YES_AGGRESSIVE;
				GCC_WARN_UNUSED_FUNCTION = YES;
				GCC_WARN_UNUSED_VARIABLE = YES;
				IPHONEOS_DEPLOYMENT_TARGET = 10.3;
				MTL_ENABLE_DEBUG_INFO = NO;
				SDKROOT = iphoneos;
				SWIFT_OPTIMIZATION_LEVEL = "-Owholemodule";
				TARGETED_DEVICE_FAMILY = "1,2";
				VALIDATE_PRODUCT = YES;
			};
			name = Release;
		};
		F3B2DA2A1E5A5D4100A6882E /* Debug */ = {
			isa = XCBuildConfiguration;
			buildSettings = {
				ASSETCATALOG_COMPILER_APPICON_NAME = AppIcon;
				INFOPLIST_FILE = TODO/Info.plist;
				LD_RUNPATH_SEARCH_PATHS = "$(inherited) @executable_path/Frameworks";
				PRODUCT_BUNDLE_IDENTIFIER = jajwol.TODO;
				PRODUCT_NAME = "$(TARGET_NAME)";
				SWIFT_VERSION = 3.0;
			};
			name = Debug;
		};
		F3B2DA2B1E5A5D4100A6882E /* Release */ = {
			isa = XCBuildConfiguration;
			buildSettings = {
				ASSETCATALOG_COMPILER_APPICON_NAME = AppIcon;
				INFOPLIST_FILE = TODO/Info.plist;
				LD_RUNPATH_SEARCH_PATHS = "$(inherited) @executable_path/Frameworks";
				PRODUCT_BUNDLE_IDENTIFIER = jajwol.TODO;
				PRODUCT_NAME = "$(TARGET_NAME)";
				SWIFT_VERSION = 3.0;
			};
			name = Release;
		};
/* End XCBuildConfiguration section */

/* Begin XCConfigurationList section */
		F3B2DA0F1E5A5D4100A6882E /* Build configuration list for PBXProject "TODO" */ = {
			isa = XCConfigurationList;
			buildConfigurations = (
				F3B2DA271E5A5D4100A6882E /* Debug */,
				F3B2DA281E5A5D4100A6882E /* Release */,
			);
			defaultConfigurationIsVisible = 0;
			defaultConfigurationName = Release;
		};
		F3B2DA291E5A5D4100A6882E /* Build configuration list for PBXNativeTarget "TODO" */ = {
			isa = XCConfigurationList;
			buildConfigurations = (
				F3B2DA2A1E5A5D4100A6882E /* Debug */,
				F3B2DA2B1E5A5D4100A6882E /* Release */,
			);
			defaultConfigurationIsVisible = 0;
		};
/* End XCConfigurationList section */

/* Begin XCVersionGroup section */
		F3B2DA1E1E5A5D4100A6882E /* TODO.xcdatamodeld */ = {
			isa = XCVersionGroup;
			children = (
				F3B2DA1F1E5A5D4100A6882E /* TODO.xcdatamodel */,
			);
			currentVersion = F3B2DA1F1E5A5D4100A6882E /* TODO.xcdatamodel */;
			path = TODO.xcdatamodeld;
			sourceTree = "<group>";
			versionGroupType = wrapper.xcdatamodel;
		};
/* End XCVersionGroup section */
	};
	rootObject = F3B2DA0C1E5A5D4100A6882E /* Project object */;
}
